
Microsoft Visual Studio Solution File, Format Version 12.00
# Visual Studio Version 17
VisualStudioVersion = 17.9.34902.65
MinimumVisualStudioVersion = 10.0.40219.1
Project("{FAE04EC0-301F-11D3-BF4B-00C04F79EFBC}") = "TravelXP.Moviles.API", "TravelXP.Moviles.API\TravelXP.Moviles.API.csproj", "{6CEABB32-64D0-470B-A0E0-13E0651509C0}"
EndProject
Global
	GlobalSection(SolutionConfigurationPlatforms) = preSolution
		Debug|Any CPU = Debug|Any CPU
		Release|Any CPU = Release|Any CPU
	EndGlobalSection
	GlobalSection(ProjectConfigurationPlatforms) = postSolution
		{6CEABB32-64D0-470B-A0E0-13E0651509C0}.Debug|Any CPU.ActiveCfg = Debug|Any CPU
		{6CEABB32-64D0-470B-A0E0-13E0651509C0}.Debug|Any CPU.Build.0 = Debug|Any CPU
		{6CEABB32-64D0-470B-A0E0-13E0651509C0}.Release|Any CPU.ActiveCfg = Release|Any CPU
		{6CEABB32-64D0-470B-A0E0-13E0651509C0}.Release|Any CPU.Build.0 = Release|Any CPU
	EndGlobalSection
	GlobalSection(SolutionProperties) = preSolution
		HideSolutionNode = FALSE
	EndGlobalSection
	GlobalSection(ExtensibilityGlobals) = postSolution
		SolutionGuid = {CFCAEB35-7246-450C-BEB5-811E7E22DC98}
	EndGlobalSection
EndGlobal
